
Microsoft Visual Studio Solution File, Format Version 12.00
# Visual Studio 15
VisualStudioVersion = 15.0.27004.2006
MinimumVisualStudioVersion = 10.0.40219.1
Project("{FAE04EC0-301F-11D3-BF4B-00C04F79EFBC}") = "WebApplication1", "WebApplication1\WebApplication1.csproj", "{C40506E0-08B8-40A8-9E28-AA0BF4AFD07E}"
EndProject
Project("{00D1A9C2-B5F0-4AF3-8072-F6C62B433612}") = "Database1", "Database1\Database1.sqlproj", "{ACAD6393-8C29-4858-AB77-EC40EE098F0A}"
EndProject
Global
	GlobalSection(SolutionConfigurationPlatforms) = preSolution
		Debug|Any CPU = Debug|Any CPU
		Release|Any CPU = Release|Any CPU
	EndGlobalSection
	GlobalSection(ProjectConfigurationPlatforms) = postSolution
		{C40506E0-08B8-40A8-9E28-AA0BF4AFD07E}.Debug|Any CPU.ActiveCfg = Debug|Any CPU
		{C40506E0-08B8-40A8-9E28-AA0BF4AFD07E}.Debug|Any CPU.Build.0 = Debug|Any CPU
		{C40506E0-08B8-40A8-9E28-AA0BF4AFD07E}.Release|Any CPU.ActiveCfg = Release|Any CPU
		{C40506E0-08B8-40A8-9E28-AA0BF4AFD07E}.Release|Any CPU.Build.0 = Release|Any CPU
		{ACAD6393-8C29-4858-AB77-EC40EE098F0A}.Debug|Any CPU.ActiveCfg = Debug|Any CPU
		{ACAD6393-8C29-4858-AB77-EC40EE098F0A}.Debug|Any CPU.Build.0 = Debug|Any CPU
		{ACAD6393-8C29-4858-AB77-EC40EE098F0A}.Debug|Any CPU.Deploy.0 = Debug|Any CPU
		{ACAD6393-8C29-4858-AB77-EC40EE098F0A}.Release|Any CPU.ActiveCfg = Release|Any CPU
		{ACAD6393-8C29-4858-AB77-EC40EE098F0A}.Release|Any CPU.Build.0 = Release|Any CPU
		{ACAD6393-8C29-4858-AB77-EC40EE098F0A}.Release|Any CPU.Deploy.0 = Release|Any CPU
	EndGlobalSection
	GlobalSection(SolutionProperties) = preSolution
		HideSolutionNode = FALSE
	EndGlobalSection
	GlobalSection(ExtensibilityGlobals) = postSolution
		SolutionGuid = {0A7CA257-D873-4296-945B-3A9B0CE5A0A2}
	EndGlobalSection
EndGlobal
